Microsoft Visual Studio Solution File, Format Version 12.00
# Visual Studio 15
VisualStudioVersion = 15.0.27004.2002
MinimumVisualStudioVersion = 10.0.40219.1
Project("{9A19103F-16F7-4668-BE54-9A1E7A4F7556}") = "FluentAssertions.Analyzers.Tests", "src\FluentAssertions.Analyzers.Tests\FluentAssertions.Analyzers.Tests.csproj", "{979824BD-5936-4969-B43B-BF613B3C0C5F}"
EndProject
Project("{2150E333-8FDC-42A3-9474-1A3956D46DE8}") = "SolutionItems", "SolutionItems", "{1D2F0A0B-7B98-49D6-BD83-E750A2DD7FD0}"
	ProjectSection(SolutionItems) = preProject
		.gitattributes = .gitattributes
		.gitignore = .gitignore
		.github\workflows\ci.yml = .github\workflows\ci.yml
		LICENSE = LICENSE
		README.md = README.md
	EndProjectSection
EndProject
Project("{9A19103F-16F7-4668-BE54-9A1E7A4F7556}") = "FluentAssertions.Analyzers", "src\FluentAssertions.Analyzers\FluentAssertions.Analyzers.csproj", "{3BA672F7-00D8-4E77-89A0-D46DD99D35AA}"
EndProject
Project("{FAE04EC0-301F-11D3-BF4B-00C04F79EFBC}") = "FluentAssertions.Analyzers.TestUtils", "src\FluentAssertions.Analyzers.TestUtils\FluentAssertions.Analyzers.TestUtils.csproj", "{BD9FC8CC-C23D-4ECC-A926-4BE35C78D338}"
EndProject
Project("{FAE04EC0-301F-11D3-BF4B-00C04F79EFBC}") = "FluentAssertions.Analyzers.BenchmarkTests", "src\FluentAssertions.Analyzers.BenchmarkTests\FluentAssertions.Analyzers.BenchmarkTests.csproj", "{FE6D8A05-1383-4BCD-AD65-2EF741E48F44}"
EndProject
Project("{2150E333-8FDC-42A3-9474-1A3956D46DE8}") = "src", "src", "{8EFE7955-E63C-4055-A9FF-76C7CE0A1151}"
EndProject
Project("{FAE04EC0-301F-11D3-BF4B-00C04F79EFBC}") = "FluentAssertions.Analyzers.FluentAssertionAnalyzerDocs", "src\FluentAssertions.Analyzers.FluentAssertionAnalyzerDocs\FluentAssertions.Analyzers.FluentAssertionAnalyzerDocs.csproj", "{2F84FE09-8CB4-48AE-A119-671C509213CF}"
EndProject
Global
	GlobalSection(SolutionConfigurationPlatforms) = preSolution
		Debug|Any CPU = Debug|Any CPU
		Release|Any CPU = Release|Any CPU
	EndGlobalSection
	GlobalSection(ProjectConfigurationPlatforms) = postSolution
		{979824BD-5936-4969-B43B-BF613B3C0C5F}.Debug|Any CPU.ActiveCfg = Debug|Any CPU
		{979824BD-5936-4969-B43B-BF613B3C0C5F}.Debug|Any CPU.Build.0 = Debug|Any CPU
		{979824BD-5936-4969-B43B-BF613B3C0C5F}.Release|Any CPU.ActiveCfg = Release|Any CPU
		{979824BD-5936-4969-B43B-BF613B3C0C5F}.Release|Any CPU.Build.0 = Release|Any CPU
		{3BA672F7-00D8-4E77-89A0-D46DD99D35AA}.Debug|Any CPU.ActiveCfg = Debug|Any CPU
		{3BA672F7-00D8-4E77-89A0-D46DD99D35AA}.Debug|Any CPU.Build.0 = Debug|Any CPU
		{3BA672F7-00D8-4E77-89A0-D46DD99D35AA}.Release|Any CPU.ActiveCfg = Release|Any CPU
		{3BA672F7-00D8-4E77-89A0-D46DD99D35AA}.Release|Any CPU.Build.0 = Release|Any CPU
		{BD9FC8CC-C23D-4ECC-A926-4BE35C78D338}.Debug|Any CPU.ActiveCfg = Debug|Any CPU
		{BD9FC8CC-C23D-4ECC-A926-4BE35C78D338}.Debug|Any CPU.Build.0 = Debug|Any CPU
		{BD9FC8CC-C23D-4ECC-A926-4BE35C78D338}.Release|Any CPU.ActiveCfg = Release|Any CPU
		{BD9FC8CC-C23D-4ECC-A926-4BE35C78D338}.Release|Any CPU.Build.0 = Release|Any CPU
		{FE6D8A05-1383-4BCD-AD65-2EF741E48F44}.Debug|Any CPU.ActiveCfg = Debug|Any CPU
		{FE6D8A05-1383-4BCD-AD65-2EF741E48F44}.Debug|Any CPU.Build.0 = Debug|Any CPU
		{FE6D8A05-1383-4BCD-AD65-2EF741E48F44}.Release|Any CPU.ActiveCfg = Release|Any CPU
		{FE6D8A05-1383-4BCD-AD65-2EF741E48F44}.Release|Any CPU.Build.0 = Release|Any CPU
		{2F84FE09-8CB4-48AE-A119-671C509213CF}.Debug|Any CPU.ActiveCfg = Debug|Any CPU
		{2F84FE09-8CB4-48AE-A119-671C509213CF}.Debug|Any CPU.Build.0 = Debug|Any CPU
		{2F84FE09-8CB4-48AE-A119-671C509213CF}.Release|Any CPU.ActiveCfg = Release|Any CPU
		{2F84FE09-8CB4-48AE-A119-671C509213CF}.Release|Any CPU.Build.0 = Release|Any CPU
	EndGlobalSection
	GlobalSection(SolutionProperties) = preSolution
		HideSolutionNode = FALSE
	EndGlobalSection
	GlobalSection(ExtensibilityGlobals) = postSolution
		SolutionGuid = {4BF3D005-625C-4CEC-B3FB-298B956402BE}
	EndGlobalSection
	GlobalSection(NestedProjects) = preSolution
		{2F84FE09-8CB4-48AE-A119-671C509213CF} = {8EFE7955-E63C-4055-A9FF-76C7CE0A1151}
	EndGlobalSection
EndGlobal
